
Microsoft Visual Studio Solution File, Format Version 12.00
# Visual Studio Version 17
VisualStudioVersion = 17.11.35312.102
MinimumVisualStudioVersion = 10.0.40219.1
Project("{FAE04EC0-301F-11D3-BF4B-00C04F79EFBC}") = "KarateClubProjact", "KarateClubProjact.csproj", "{5A4EDFB3-3A78-4DE6-AB50-6B71BC441080}"
EndProject
Project("{FAE04EC0-301F-11D3-BF4B-00C04F79EFBC}") = "clsBussinsKarateClubProjacjat", "..\DataBussniss\clsBussinsKarateClubProjacjat.csproj", "{70DFDA66-38E7-49B6-AD8D-BEF8019D9C73}"
EndProject
Project("{FAE04EC0-301F-11D3-BF4B-00C04F79EFBC}") = "AccessKarateClubPreojact", "..\DataAccsess\AccessKarateClubPreojact.csproj", "{EF6C8371-6956-4CEF-914A-791DA229C68C}"
EndProject
Global
	GlobalSection(SolutionConfigurationPlatforms) = preSolution
		Debug|Any CPU = Debug|Any CPU
		Release|Any CPU = Release|Any CPU
	EndGlobalSection
	GlobalSection(ProjectConfigurationPlatforms) = postSolution
		{5A4EDFB3-3A78-4DE6-AB50-6B71BC441080}.Debug|Any CPU.ActiveCfg = Debug|Any CPU
		{5A4EDFB3-3A78-4DE6-AB50-6B71BC441080}.Debug|Any CPU.Build.0 = Debug|Any CPU
		{5A4EDFB3-3A78-4DE6-AB50-6B71BC441080}.Release|Any CPU.ActiveCfg = Release|Any CPU
		{5A4EDFB3-3A78-4DE6-AB50-6B71BC441080}.Release|Any CPU.Build.0 = Release|Any CPU
		{70DFDA66-38E7-49B6-AD8D-BEF8019D9C73}.Debug|Any CPU.ActiveCfg = Debug|Any CPU
		{70DFDA66-38E7-49B6-AD8D-BEF8019D9C73}.Debug|Any CPU.Build.0 = Debug|Any CPU
		{70DFDA66-38E7-49B6-AD8D-BEF8019D9C73}.Release|Any CPU.ActiveCfg = Release|Any CPU
		{70DFDA66-38E7-49B6-AD8D-BEF8019D9C73}.Release|Any CPU.Build.0 = Release|Any CPU
		{EF6C8371-6956-4CEF-914A-791DA229C68C}.Debug|Any CPU.ActiveCfg = Debug|Any CPU
		{EF6C8371-6956-4CEF-914A-791DA229C68C}.Debug|Any CPU.Build.0 = Debug|Any CPU
		{EF6C8371-6956-4CEF-914A-791DA229C68C}.Release|Any CPU.ActiveCfg = Release|Any CPU
		{EF6C8371-6956-4CEF-914A-791DA229C68C}.Release|Any CPU.Build.0 = Release|Any CPU
	EndGlobalSection
	GlobalSection(SolutionProperties) = preSolution
		HideSolutionNode = FALSE
	EndGlobalSection
	GlobalSection(ExtensibilityGlobals) = postSolution
		SolutionGuid = {66BB7760-CD6D-496F-9225-ECD57CA2FF73}
	EndGlobalSection
EndGlobal
